
Microsoft Visual Studio Solution File, Format Version 12.00
# Visual Studio Version 16
VisualStudioVersion = 16.0.28803.452
MinimumVisualStudioVersion = 10.0.40219.1
Project("{FAE04EC0-301F-11D3-BF4B-00C04F79EFBC}") = "CrudBlazor.ServerSide", "CrudBlazor.ServerSide\CrudBlazor.ServerSide.csproj", "{982CE260-8F6E-46CF-9A17-41F7D184CB8F}"
EndProject
Global
	GlobalSection(SolutionConfigurationPlatforms) = preSolution
		Debug|Any CPU = Debug|Any CPU
		Release|Any CPU = Release|Any CPU
	EndGlobalSection
	GlobalSection(ProjectConfigurationPlatforms) = postSolution
		{982CE260-8F6E-46CF-9A17-41F7D184CB8F}.Debug|Any CPU.ActiveCfg = Debug|Any CPU
		{982CE260-8F6E-46CF-9A17-41F7D184CB8F}.Debug|Any CPU.Build.0 = Debug|Any CPU
		{982CE260-8F6E-46CF-9A17-41F7D184CB8F}.Release|Any CPU.ActiveCfg = Release|Any CPU
		{982CE260-8F6E-46CF-9A17-41F7D184CB8F}.Release|Any CPU.Build.0 = Release|Any CPU
	EndGlobalSection
	GlobalSection(SolutionProperties) = preSolution
		HideSolutionNode = FALSE
	EndGlobalSection
	GlobalSection(ExtensibilityGlobals) = postSolution
		SolutionGuid = {D94E9464-7EC3-4B7D-BEF6-21E23BA4ED01}
	EndGlobalSection
EndGlobal
